// !$*UTF8*$!
{
	archiveVersion = 1;
	classes = {
	};
	objectVersion = 46;
	objects = {

/* Begin PBXBuildFile section */
		0C6DBD3B1DCDB5FC00451B7C /* Home.storyboard in Resources */ = {isa = PBXBuildFile; fileRef = 0C6DBD391DCDB5FC00451B7C /* Home.storyboard */; };
		0C6DBD3C1DCDB5FC00451B7C /* Main.storyboard in Resources */ = {isa = PBXBuildFile; fileRef = 0C6DBD3A1DCDB5FC00451B7C /* Main.storyboard */; };
		0C6DBD3E1DCDB64800451B7C /* Live.storyboard in Resources */ = {isa = PBXBuildFile; fileRef = 0C6DBD3D1DCDB64800451B7C /* Live.storyboard */; };
		0C6DBD401DCDB65A00451B7C /* Follow.storyboard in Resources */ = {isa = PBXBuildFile; fileRef = 0C6DBD3F1DCDB65A00451B7C /* Follow.storyboard */; };
		0C6DBD421DCDB67F00451B7C /* Profile.storyboard in Resources */ = {isa = PBXBuildFile; fileRef = 0C6DBD411DCDB67F00451B7C /* Profile.storyboard */; };
		0C6DBD531DCDBD1100451B7C /* HomeViewController.swift in Sources */ = {isa = PBXBuildFile; fileRef = 0C6DBD521DCDBD1100451B7C /* HomeViewController.swift */; };
		0C6DBD561DCDC41000451B7C /* UIBarButtonItem_Extension.swift in Sources */ = {isa = PBXBuildFile; fileRef = 0C6DBD551DCDC41000451B7C /* UIBarButtonItem_Extension.swift */; };
		0C6DBD581DCDCB9400451B7C /* PageTitleView.swift in Sources */ = {isa = PBXBuildFile; fileRef = 0C6DBD571DCDCB9400451B7C /* PageTitleView.swift */; };
		0C6DBD5A1DCDCDE600451B7C /* Common.swift in Sources */ = {isa = PBXBuildFile; fileRef = 0C6DBD591DCDCDE600451B7C /* Common.swift */; };
		0CC72ADC1DCB11DF00313E11 /* AppDelegate.swift in Sources */ = {isa = PBXBuildFile; fileRef = 0CC72ADB1DCB11DF00313E11 /* AppDelegate.swift */; };
		0CC72AE31DCB11DF00313E11 /* Assets.xcassets in Resources */ = {isa = PBXBuildFile; fileRef = 0CC72AE21DCB11DF00313E11 /* Assets.xcassets */; };
		0CC72AE61DCB11DF00313E11 /* LaunchScreen.storyboard in Resources */ = {isa = PBXBuildFile; fileRef = 0CC72AE41DCB11DF00313E11 /* LaunchScreen.storyboard */; };
		0CEC79151DCE24A100161680 /* PageContentView.swift in Sources */ = {isa = PBXBuildFile; fileRef = 0CEC79141DCE24A100161680 /* PageContentView.swift */; };
		0CEC79171DCE279500161680 /* UIColor_Extension.swift in Sources */ = {isa = PBXBuildFile; fileRef = 0CEC79161DCE279500161680 /* UIColor_Extension.swift */; };
/* End PBXBuildFile section */

/* Begin PBXFileReference section */
		0C6DBD391DCDB5FC00451B7C /* Home.storyboard */ = {isa = PBXFileReference; fileEncoding = 4; lastKnownFileType = file.storyboard; name = Home.storyboard; path = ../../Main/Home.storyboard; sourceTree = "<group>"; };
		0C6DBD3A1DCDB5FC00451B7C /* Main.storyboard */ = {isa = PBXFileReference; fileEncoding = 4; lastKnownFileType = file.storyboard; name = Main.storyboard; path = ../Main.storyboard; sourceTree = "<group>"; };
		0C6DBD3D1DCDB64800451B7C /* Live.storyboard */ = {isa = PBXFileReference; fileEncoding = 4; lastKnownFileType = file.storyboard; name = Live.storyboard; path = ../../Main/Live.storyboard; sourceTree = "<group>"; };
		0C6DBD3F1DCDB65A00451B7C /* Follow.storyboard */ = {isa = PBXFileReference; fileEncoding = 4; lastKnownFileType = file.storyboard; name = Follow.storyboard; path = ../../Main/Follow.storyboard; sourceTree = "<group>"; };
		0C6DBD411DCDB67F00451B7C /* Profile.storyboard */ = {isa = PBXFileReference; fileEncoding = 4; lastKnownFileType = file.storyboard; name = Profile.storyboard; path = ../../Main/Profile.storyboard; sourceTree = "<group>"; };
		0C6DBD521DCDBD1100451B7C /* HomeViewController.swift */ = {isa = PBXFileReference; fileEncoding = 4; lastKnownFileType = sourcecode.swift; path = HomeViewController.swift; sourceTree = "<group>"; };
		0C6DBD551DCDC41000451B7C /* UIBarButtonItem_Extension.swift */ = {isa = PBXFileReference; fileEncoding = 4; lastKnownFileType = sourcecode.swift; path = UIBarButtonItem_Extension.swift; sourceTree = "<group>"; };
		0C6DBD571DCDCB9400451B7C /* PageTitleView.swift */ = {isa = PBXFileReference; fileEncoding = 4; lastKnownFileType = sourcecode.swift; path = PageTitleView.swift; sourceTree = "<group>"; };
		0C6DBD591DCDCDE600451B7C /* Common.swift */ = {isa = PBXFileReference; fileEncoding = 4; lastKnownFileType = sourcecode.swift; name = Common.swift; path = Extension/Common.swift; sourceTree = "<group>"; };
		0CC72AD81DCB11DF00313E11 /* DYZB.app */ = {isa = PBXFileReference; explicitFileType = wrapper.application; includeInIndex = 0; path = DYZB.app; sourceTree = BUILT_PRODUCTS_DIR; };
		0CC72ADB1DCB11DF00313E11 /* AppDelegate.swift */ = {isa = PBXFileReference; lastKnownFileType = sourcecode.swift; path = AppDelegate.swift; sourceTree = "<group>"; };
		0CC72AE21DCB11DF00313E11 /* Assets.xcassets */ = {isa = PBXFileReference; lastKnownFileType = folder.assetcatalog; path = Assets.xcassets; sourceTree = "<group>"; };
		0CC72AE51DCB11DF00313E11 /* Base */ = {isa = PBXFileReference; lastKnownFileType = file.storyboard; name = Base; path = Base.lproj/LaunchScreen.storyboard; sourceTree = "<group>"; };
		0CC72AE71DCB11DF00313E11 /* Info.plist */ = {isa = PBXFileReference; lastKnownFileType = text.plist.xml; path = Info.plist; sourceTree = "<group>"; };
		0CEC79141DCE24A100161680 /* PageContentView.swift */ = {isa = PBXFileReference; fileEncoding = 4; lastKnownFileType = sourcecode.swift; path = PageContentView.swift; sourceTree = "<group>"; };
		0CEC79161DCE279500161680 /* UIColor_Extension.swift */ = {isa = PBXFileReference; fileEncoding = 4; lastKnownFileType = sourcecode.swift; path = UIColor_Extension.swift; sourceTree = "<group>"; };
/* End PBXFileReference section */

/* Begin PBXFrameworksBuildPhase section */
		0CC72AD51DCB11DF00313E11 /* Frameworks */ = {
			isa = PBXFrameworksBuildPhase;
			buildActionMask = 2147483647;
			files = (
			);
			runOnlyForDeploymentPostprocessing = 0;
		};
/* End PBXFrameworksBuildPhase section */

/* Begin PBXGroup section */
		0C6DBD251DCDAEB300451B7C /* Classes */ = {
			isa = PBXGroup;
			children = (
				0C6DBD291DCDAEB300451B7C /* Main */,
				0C6DBD271DCDAEB300451B7C /* Home */,
				0C6DBD261DCDAEB300451B7C /* Follow */,
				0C6DBD281DCDAEB300451B7C /* Live */,
				0C6DBD2A1DCDAEB300451B7C /* Profile */,
				0C6DBD2B1DCDAEB300451B7C /* Tools */,
			);
			path = Classes;
			sourceTree = "<group>";
		};
		0C6DBD261DCDAEB300451B7C /* Follow */ = {
			isa = PBXGroup;
			children = (
				0C6DBD491DCDBCC000451B7C /* Model */,
				0C6DBD4A1DCDBCC000451B7C /* View */,
				0C6DBD4B1DCDBCC000451B7C /* ViewController */,
			);
			path = Follow;
			sourceTree = "<group>";
		};
		0C6DBD271DCDAEB300451B7C /* Home */ = {
			isa = PBXGroup;
			children = (
				0C6DBD461DCDBCBA00451B7C /* Model */,
				0C6DBD471DCDBCBA00451B7C /* View */,
				0C6DBD481DCDBCBA00451B7C /* ViewController */,
			);
			path = Home;
			sourceTree = "<group>";
		};
		0C6DBD281DCDAEB300451B7C /* Live */ = {
			isa = PBXGroup;
			children = (
				0C6DBD4C1DCDBCC800451B7C /* Model */,
				0C6DBD4D1DCDBCC800451B7C /* View */,
				0C6DBD4E1DCDBCC800451B7C /* ViewController */,
			);
			path = Live;
			sourceTree = "<group>";
		};
		0C6DBD291DCDAEB300451B7C /* Main */ = {
			isa = PBXGroup;
			children = (
				0C6DBD431DCDBCB000451B7C /* Model */,
				0C6DBD441DCDBCB000451B7C /* View */,
				0C6DBD451DCDBCB000451B7C /* ViewController */,
			);
			path = Main;
			sourceTree = "<group>";
		};
		0C6DBD2A1DCDAEB300451B7C /* Profile */ = {
			isa = PBXGroup;
			children = (
				0C6DBD4F1DCDBCCE00451B7C /* Model */,
				0C6DBD501DCDBCCE00451B7C /* View */,
				0C6DBD511DCDBCCE00451B7C /* ViewController */,
			);
			path = Profile;
			sourceTree = "<group>";
		};
		0C6DBD2B1DCDAEB300451B7C /* Tools */ = {
			isa = PBXGroup;
			children = (
				0C6DBD591DCDCDE600451B7C /* Common.swift */,
				0C6DBD541DCDC3CC00451B7C /* Extension */,
			);
			path = Tools;
			sourceTree = "<group>";
		};
		0C6DBD431DCDBCB000451B7C /* Model */ = {
			isa = PBXGroup;
			children = (
			);
			path = Model;
			sourceTree = "<group>";
		};
		0C6DBD441DCDBCB000451B7C /* View */ = {
			isa = PBXGroup;
			children = (
				0C6DBD571DCDCB9400451B7C /* PageTitleView.swift */,
				0CEC79141DCE24A100161680 /* PageContentView.swift */,
			);
			path = View;
			sourceTree = "<group>";
		};
		0C6DBD451DCDBCB000451B7C /* ViewController */ = {
			isa = PBXGroup;
			children = (
				0C6DBD3A1DCDB5FC00451B7C /* Main.storyboard */,
			);
			path = ViewController;
			sourceTree = "<group>";
		};
		0C6DBD461DCDBCBA00451B7C /* Model */ = {
			isa = PBXGroup;
			children = (
			);
			path = Model;
			sourceTree = "<group>";
		};
		0C6DBD471DCDBCBA00451B7C /* View */ = {
			isa = PBXGroup;
			children = (
			);
			path = View;
			sourceTree = "<group>";
		};
		0C6DBD481DCDBCBA00451B7C /* ViewController */ = {
			isa = PBXGroup;
			children = (
				0C6DBD391DCDB5FC00451B7C /* Home.storyboard */,
				0C6DBD521DCDBD1100451B7C /* HomeViewController.swift */,
			);
			path = ViewController;
			sourceTree = "<group>";
		};
		0C6DBD491DCDBCC000451B7C /* Model */ = {
			isa = PBXGroup;
			children = (
			);
			path = Model;
			sourceTree = "<group>";
		};
		0C6DBD4A1DCDBCC000451B7C /* View */ = {
			isa = PBXGroup;
			children = (
			);
			path = View;
			sourceTree = "<group>";
		};
		0C6DBD4B1DCDBCC000451B7C /* ViewController */ = {
			isa = PBXGroup;
			children = (
				0C6DBD3F1DCDB65A00451B7C /* Follow.storyboard */,
			);
			path = ViewController;
			sourceTree = "<group>";
		};
		0C6DBD4C1DCDBCC800451B7C /* Model */ = {
			isa = PBXGroup;
			children = (
			);
			path = Model;
			sourceTree = "<group>";
		};
		0C6DBD4D1DCDBCC800451B7C /* View */ = {
			isa = PBXGroup;
			children = (
			);
			path = View;
			sourceTree = "<group>";
		};
		0C6DBD4E1DCDBCC800451B7C /* ViewController */ = {
			isa = PBXGroup;
			children = (
				0C6DBD3D1DCDB64800451B7C /* Live.storyboard */,
			);
			path = ViewController;
			sourceTree = "<group>";
		};
		0C6DBD4F1DCDBCCE00451B7C /* Model */ = {
			isa = PBXGroup;
			children = (
			);
			path = Model;
			sourceTree = "<group>";
		};
		0C6DBD501DCDBCCE00451B7C /* View */ = {
			isa = PBXGroup;
			children = (
			);
			path = View;
			sourceTree = "<group>";
		};
		0C6DBD511DCDBCCE00451B7C /* ViewController */ = {
			isa = PBXGroup;
			children = (
				0C6DBD411DCDB67F00451B7C /* Profile.storyboard */,
			);
			path = ViewController;
			sourceTree = "<group>";
		};
		0C6DBD541DCDC3CC00451B7C /* Extension */ = {
			isa = PBXGroup;
			children = (
				0C6DBD551DCDC41000451B7C /* UIBarButtonItem_Extension.swift */,
				0CEC79161DCE279500161680 /* UIColor_Extension.swift */,
			);
			path = Extension;
			sourceTree = "<group>";
		};
		0CC72ACF1DCB11DF00313E11 = {
			isa = PBXGroup;
			children = (
				0CC72ADA1DCB11DF00313E11 /* DYZB */,
				0CC72AD91DCB11DF00313E11 /* Products */,
			);
			sourceTree = "<group>";
		};
		0CC72AD91DCB11DF00313E11 /* Products */ = {
			isa = PBXGroup;
			children = (
				0CC72AD81DCB11DF00313E11 /* DYZB.app */,
			);
			name = Products;
			sourceTree = "<group>";
		};
		0CC72ADA1DCB11DF00313E11 /* DYZB */ = {
			isa = PBXGroup;
			children = (
				0C6DBD251DCDAEB300451B7C /* Classes */,
				0CC72ADB1DCB11DF00313E11 /* AppDelegate.swift */,
				0CC72AE21DCB11DF00313E11 /* Assets.xcassets */,
				0CC72AE41DCB11DF00313E11 /* LaunchScreen.storyboard */,
				0CC72AE71DCB11DF00313E11 /* Info.plist */,
			);
			path = DYZB;
			sourceTree = "<group>";
		};
/* End PBXGroup section */

/* Begin PBXNativeTarget section */
		0CC72AD71DCB11DF00313E11 /* DYZB */ = {
			isa = PBXNativeTarget;
			buildConfigurationList = 0CC72AEA1DCB11DF00313E11 /* Build configuration list for PBXNativeTarget "DYZB" */;
			buildPhases = (
				0CC72AD41DCB11DF00313E11 /* Sources */,
				0CC72AD51DCB11DF00313E11 /* Frameworks */,
				0CC72AD61DCB11DF00313E11 /* Resources */,
			);
			buildRules = (
			);
			dependencies = (
			);
			name = DYZB;
			productName = DYZB;
			productReference = 0CC72AD81DCB11DF00313E11 /* DYZB.app */;
			productType = "com.apple.product-type.application";
		};
/* End PBXNativeTarget section */

/* Begin PBXProject section */
		0CC72AD01DCB11DF00313E11 /* Project object */ = {
			isa = PBXProject;
			attributes = {
				LastSwiftUpdateCheck = 0800;
				LastUpgradeCheck = 0800;
				ORGANIZATIONNAME = SKYDispark;
				TargetAttributes = {
					0CC72AD71DCB11DF00313E11 = {
						CreatedOnToolsVersion = 8.0;
						DevelopmentTeam = NHR2WE6EC4;
						ProvisioningStyle = Automatic;
					};
				};
			};
			buildConfigurationList = 0CC72AD31DCB11DF00313E11 /* Build configuration list for PBXProject "DYZB" */;
			compatibilityVersion = "Xcode 3.2";
			developmentRegion = English;
			hasScannedForEncodings = 0;
			knownRegions = (
				en,
				Base,
			);
			mainGroup = 0CC72ACF1DCB11DF00313E11;
			productRefGroup = 0CC72AD91DCB11DF00313E11 /* Products */;
			projectDirPath = "";
			projectRoot = "";
			targets = (
				0CC72AD71DCB11DF00313E11 /* DYZB */,
			);
		};
/* End PBXProject section */

/* Begin PBXResourcesBuildPhase section */
		0CC72AD61DCB11DF00313E11 /* Resources */ = {
			isa = PBXResourcesBuildPhase;
			buildActionMask = 2147483647;
			files = (
				0C6DBD3E1DCDB64800451B7C /* Live.storyboard in Resources */,
				0C6DBD3B1DCDB5FC00451B7C /* Home.storyboard in Resources */,
				0C6DBD401DCDB65A00451B7C /* Follow.storyboard in Resources */,
				0CC72AE61DCB11DF00313E11 /* LaunchScreen.storyboard in Resources */,
				0CC72AE31DCB11DF00313E11 /* Assets.xcassets in Resources */,
				0C6DBD421DCDB67F00451B7C /* Profile.storyboard in Resources */,
				0C6DBD3C1DCDB5FC00451B7C /* Main.storyboard in Resources */,
			);
			runOnlyForDeploymentPostprocessing = 0;
		};
/* End PBXResourcesBuildPhase section */

/* Begin PBXSourcesBuildPhase section */
		0CC72AD41DCB11DF00313E11 /* Sources */ = {
			isa = PBXSourcesBuildPhase;
			buildActionMask = 2147483647;
			files = (
				0C6DBD581DCDCB9400451B7C /* PageTitleView.swift in Sources */,
				0CEC79151DCE24A100161680 /* PageContentView.swift in Sources */,
				0CC72ADC1DCB11DF00313E11 /* AppDelegate.swift in Sources */,
				0CEC79171DCE279500161680 /* UIColor_Extension.swift in Sources */,
				0C6DBD531DCDBD1100451B7C /* HomeViewController.swift in Sources */,
				0C6DBD5A1DCDCDE600451B7C /* Common.swift in Sources */,
				0C6DBD561DCDC41000451B7C /* UIBarButtonItem_Extension.swift in Sources */,
			);
			runOnlyForDeploymentPostprocessing = 0;
		};
/* End PBXSourcesBuildPhase section */

/* Begin PBXVariantGroup section */
		0CC72AE41DCB11DF00313E11 /* LaunchScreen.storyboard */ = {
			isa = PBXVariantGroup;
			children = (
				0CC72AE51DCB11DF00313E11 /* Base */,
			);
			name = LaunchScreen.storyboard;
			sourceTree = "<group>";
		};
/* End PBXVariantGroup section */

/* Begin XCBuildConfiguration section */
		0CC72AE81DCB11DF00313E11 /* Debug */ = {
			isa = XCBuildConfiguration;
			buildSettings = {
				ALWAYS_SEARCH_USER_PATHS = NO;
				CLANG_ANALYZER_NONNULL = YES;
				CLANG_CXX_LANGUAGE_STANDARD = "gnu++0x";
				CLANG_CXX_LIBRARY = "libc++";
				CLANG_ENABLE_MODULES = YES;
				CLANG_ENABLE_OBJC_ARC = YES;
				CLANG_WARN_BOOL_CONVERSION = YES;
				CLANG_WARN_CONSTANT_CONVERSION = YES;
				CLANG_WARN_DIRECT_OBJC_ISA_USAGE = YES_ERROR;
				CLANG_WARN_DOCUMENTATION_COMMENTS = YES;
				CLANG_WARN_EMPTY_BODY = YES;
				CLANG_WARN_ENUM_CONVERSION = YES;
				CLANG_WARN_INFINITE_RECURSION = YES;
				CLANG_WARN_INT_CONVERSION = YES;
				CLANG_WARN_OBJC_ROOT_CLASS = YES_ERROR;
				CLANG_WARN_SUSPICIOUS_MOVES = YES;
				CLANG_WARN_UNREACHABLE_CODE = YES;
				CLANG_WARN__DUPLICATE_METHOD_MATCH = YES;
				"CODE_SIGN_IDENTITY[sdk=iphoneos*]" = "iPhone Developer";
				COPY_PHASE_STRIP = NO;
				DEBUG_INFORMATION_FORMAT = dwarf;
				ENABLE_STRICT_OBJC_MSGSEND = YES;
				ENABLE_TESTABILITY = YES;
				GCC_C_LANGUAGE_STANDARD = gnu99;
				GCC_DYNAMIC_NO_PIC = NO;
				GCC_NO_COMMON_BLOCKS = YES;
				GCC_OPTIMIZATION_LEVEL = 0;
				GCC_PREPROCESSOR_DEFINITIONS = (
					"DEBUG=1",
					"$(inherited)",
				);
				GCC_WARN_64_TO_32_BIT_CONVERSION = YES;
				GCC_WARN_ABOUT_RETURN_TYPE = YES_ERROR;
				GCC_WARN_UNDECLARED_SELECTOR = YES;
				GCC_WARN_UNINITIALIZED_AUTOS = YES_AGGRESSIVE;
				GCC_WARN_UNUSED_FUNCTION = YES;
				GCC_WARN_UNUSED_VARIABLE = YES;
				IPHONEOS_DEPLOYMENT_TARGET = 10.0;
				MTL_ENABLE_DEBUG_INFO = YES;
				ONLY_ACTIVE_ARCH = YES;
				SDKROOT = iphoneos;
				SWIFT_ACTIVE_COMPILATION_CONDITIONS = DEBUG;
				SWIFT_OPTIMIZATION_LEVEL = "-Onone";
				TARGETED_DEVICE_FAMILY = "1,2";
			};
			name = Debug;
		};
		0CC72AE91DCB11DF00313E11 /* Release */ = {
			isa = XCBuildConfiguration;
			buildSettings = {
				ALWAYS_SEARCH_USER_PATHS = NO;
				CLANG_ANALYZER_NONNULL = YES;
				CLANG_CXX_LANGUAGE_STANDARD = "gnu++0x";
				CLANG_CXX_LIBRARY = "libc++";
				CLANG_ENABLE_MODULES = YES;
				CLANG_ENABLE_OBJC_ARC = YES;
				CLANG_WARN_BOOL_CONVERSION = YES;
				CLANG_WARN_CONSTANT_CONVERSION = YES;
				CLANG_WARN_DIRECT_OBJC_ISA_USAGE = YES_ERROR;
				CLANG_WARN_DOCUMENTATION_COMMENTS = YES;
				CLANG_WARN_EMPTY_BODY = YES;
				CLANG_WARN_ENUM_CONVERSION = YES;
				CLANG_WARN_INFINITE_RECURSION = YES;
				CLANG_WARN_INT_CONVERSION = YES;
				CLANG_WARN_OBJC_ROOT_CLASS = YES_ERROR;
				CLANG_WARN_SUSPICIOUS_MOVES = YES;
				CLANG_WARN_UNREACHABLE_CODE = YES;
				CLANG_WARN__DUPLICATE_METHOD_MATCH = YES;
				"CODE_SIGN_IDENTITY[sdk=iphoneos*]" = "iPhone Developer";
				COPY_PHASE_STRIP = NO;
				DEBUG_INFORMATION_FORMAT = "dwarf-with-dsym";
				ENABLE_NS_ASSERTIONS = NO;
				ENABLE_STRICT_OBJC_MSGSEND = YES;
				GCC_C_LANGUAGE_STANDARD = gnu99;
				GCC_NO_COMMON_BLOCKS = YES;
				GCC_WARN_64_TO_32_BIT_CONVERSION = YES;
				GCC_WARN_ABOUT_RETURN_TYPE = YES_ERROR;
				GCC_WARN_UNDECLARED_SELECTOR = YES;
				GCC_WARN_UNINITIALIZED_AUTOS = YES_AGGRESSIVE;
				GCC_WARN_UNUSED_FUNCTION = YES;
				GCC_WARN_UNUSED_VARIABLE = YES;
				IPHONEOS_DEPLOYMENT_TARGET = 10.0;
				MTL_ENABLE_DEBUG_INFO = NO;
				SDKROOT = iphoneos;
				SWIFT_OPTIMIZATION_LEVEL = "-Owholemodule";
				TARGETED_DEVICE_FAMILY = "1,2";
				VALIDATE_PRODUCT = YES;
			};
			name = Release;
		};
		0CC72AEB1DCB11DF00313E11 /* Debug */ = {
			isa = XCBuildConfiguration;
			buildSettings = {
				ASSETCATALOG_COMPILER_APPICON_NAME = AppIcon;
				ASSETCATALOG_COMPILER_LAUNCHIMAGE_NAME = LaunchImage;
				DEVELOPMENT_TEAM = NHR2WE6EC4;
				INFOPLIST_FILE = DYZB/Info.plist;
				LD_RUNPATH_SEARCH_PATHS = "$(inherited) @executable_path/Frameworks";
				PRODUCT_BUNDLE_IDENTIFIER = com.fengyang.DYZB;
				PRODUCT_NAME = "$(TARGET_NAME)";
				SWIFT_VERSION = 3.0;
			};
			name = Debug;
		};
		0CC72AEC1DCB11DF00313E11 /* Release */ = {
			isa = XCBuildConfiguration;
			buildSettings = {
				ASSETCATALOG_COMPILER_APPICON_NAME = AppIcon;
				ASSETCATALOG_COMPILER_LAUNCHIMAGE_NAME = LaunchImage;
				DEVELOPMENT_TEAM = NHR2WE6EC4;
				INFOPLIST_FILE = DYZB/Info.plist;
				LD_RUNPATH_SEARCH_PATHS = "$(inherited) @executable_path/Frameworks";
				PRODUCT_BUNDLE_IDENTIFIER = com.fengyang.DYZB;
				PRODUCT_NAME = "$(TARGET_NAME)";
				SWIFT_VERSION = 3.0;
			};
			name = Release;
		};
/* End XCBuildConfiguration section */

/* Begin XCConfigurationList section */
		0CC72AD31DCB11DF00313E11 /* Build configuration list for PBXProject "DYZB" */ = {
			isa = XCConfigurationList;
			buildConfigurations = (
				0CC72AE81DCB11DF00313E11 /* Debug */,
				0CC72AE91DCB11DF00313E11 /* Release */,
			);
			defaultConfigurationIsVisible = 0;
			defaultConfigurationName = Release;
		};
		0CC72AEA1DCB11DF00313E11 /* Build configuration list for PBXNativeTarget "DYZB" */ = {
			isa = XCConfigurationList;
			buildConfigurations = (
				0CC72AEB1DCB11DF00313E11 /* Debug */,
				0CC72AEC1DCB11DF00313E11 /* Release */,
			);
			defaultConfigurationIsVisible = 0;
			defaultConfigurationName = Release;
		};
/* End XCConfigurationList section */
	};
	rootObject = 0CC72AD01DCB11DF00313E11 /* Project object */;
}
